
Microsoft Visual Studio Solution File, Format Version 12.00
# Visual Studio 15
VisualStudioVersion = 15.0.27703.2047
MinimumVisualStudioVersion = 10.0.40219.1
Project("{9A19103F-16F7-4668-BE54-9A1E7A4F7556}") = "Api", "src\Api\Api.csproj", "{2FFA2F22-4154-43A1-A916-29AEFF9F0431}"
EndProject
Project("{9A19103F-16F7-4668-BE54-9A1E7A4F7556}") = "Host.Console", "src\Host\Host.Console.csproj", "{762D4138-4C18-41A2-915E-ADAE0F6C076B}"
EndProject
Project("{2150E333-8FDC-42A3-9474-1A3956D46DE8}") = "src", "src", "{158EEEEF-EA1C-40F2-AB3C-C7B156176A62}"
EndProject
Project("{2150E333-8FDC-42A3-9474-1A3956D46DE8}") = "test", "test", "{3F1E7571-4B3B-4CD4-B73C-5F3DC85173F8}"
EndProject
Project("{9A19103F-16F7-4668-BE54-9A1E7A4F7556}") = "ApiTests", "test\ApiTests.csproj", "{CCDEC5C3-3168-49DE-A468-2FD6C3168CF9}"
EndProject
Global
	GlobalSection(SolutionConfigurationPlatforms) = preSolution
		Debug|Any CPU = Debug|Any CPU
		Release|Any CPU = Release|Any CPU
	EndGlobalSection
	GlobalSection(ProjectConfigurationPlatforms) = postSolution
		{2FFA2F22-4154-43A1-A916-29AEFF9F0431}.Debug|Any CPU.ActiveCfg = Debug|Any CPU
		{2FFA2F22-4154-43A1-A916-29AEFF9F0431}.Debug|Any CPU.Build.0 = Debug|Any CPU
		{2FFA2F22-4154-43A1-A916-29AEFF9F0431}.Release|Any CPU.ActiveCfg = Release|Any CPU
		{2FFA2F22-4154-43A1-A916-29AEFF9F0431}.Release|Any CPU.Build.0 = Release|Any CPU
		{762D4138-4C18-41A2-915E-ADAE0F6C076B}.Debug|Any CPU.ActiveCfg = Debug|Any CPU
		{762D4138-4C18-41A2-915E-ADAE0F6C076B}.Debug|Any CPU.Build.0 = Debug|Any CPU
		{762D4138-4C18-41A2-915E-ADAE0F6C076B}.Release|Any CPU.ActiveCfg = Release|Any CPU
		{762D4138-4C18-41A2-915E-ADAE0F6C076B}.Release|Any CPU.Build.0 = Release|Any CPU
		{CCDEC5C3-3168-49DE-A468-2FD6C3168CF9}.Debug|Any CPU.ActiveCfg = Debug|Any CPU
		{CCDEC5C3-3168-49DE-A468-2FD6C3168CF9}.Debug|Any CPU.Build.0 = Debug|Any CPU
		{CCDEC5C3-3168-49DE-A468-2FD6C3168CF9}.Release|Any CPU.ActiveCfg = Release|Any CPU
		{CCDEC5C3-3168-49DE-A468-2FD6C3168CF9}.Release|Any CPU.Build.0 = Release|Any CPU
	EndGlobalSection
	GlobalSection(SolutionProperties) = preSolution
		HideSolutionNode = FALSE
	EndGlobalSection
	GlobalSection(NestedProjects) = preSolution
		{2FFA2F22-4154-43A1-A916-29AEFF9F0431} = {158EEEEF-EA1C-40F2-AB3C-C7B156176A62}
		{762D4138-4C18-41A2-915E-ADAE0F6C076B} = {158EEEEF-EA1C-40F2-AB3C-C7B156176A62}
		{CCDEC5C3-3168-49DE-A468-2FD6C3168CF9} = {3F1E7571-4B3B-4CD4-B73C-5F3DC85173F8}
	EndGlobalSection
	GlobalSection(ExtensibilityGlobals) = postSolution
		SolutionGuid = {4EBC4257-99EF-453F-B83C-9A2428D1FA98}
	EndGlobalSection
EndGlobal
